
Microsoft Visual Studio Solution File, Format Version 9.00
# Visual Studio 2005
Project("{8BC9CEB8-8B4A-11D0-8D11-00A0C91BC942}") = "Mp3test", "Mp3test.vcproj", "{D343BF64-9B60-4203-8F63-10766889FFAD}"
	ProjectSection(ProjectDependencies) = postProject
		{B1B5C626-7AFB-42F6-B3FE-32825D9152AD} = {B1B5C626-7AFB-42F6-B3FE-32825D9152AD}
	EndProjectSection
EndProject
Project("{8BC9CEB8-8B4A-11D0-8D11-00A0C91BC942}") = "id3lib", "..\libprj\id3lib.vcproj", "{B1B5C626-7AFB-42F6-B3FE-32825D9152AD}"
EndProject
Project("{8BC9CEB8-8B4A-11D0-8D11-00A0C91BC942}") = "SimplifyPeer Utilities static lib", "..\..\..\source\Peer\PeerUtils\PeerUtils.vcproj", "{0396466A-2BCE-4768-BB14-DBD86454E0D8}"
EndProject
Global
	GlobalSection(SolutionConfigurationPlatforms) = preSolution
		Debug|Win32 = Debug|Win32
		NASM Debug|Win32 = NASM Debug|Win32
		NASM Release|Win32 = NASM Release|Win32
		Release|Win32 = Release|Win32
	EndGlobalSection
	GlobalSection(ProjectConfigurationPlatforms) = postSolution
		{D343BF64-9B60-4203-8F63-10766889FFAD}.Debug|Win32.ActiveCfg = Debug|Win32
		{D343BF64-9B60-4203-8F63-10766889FFAD}.Debug|Win32.Build.0 = Debug|Win32
		{D343BF64-9B60-4203-8F63-10766889FFAD}.NASM Debug|Win32.ActiveCfg = Debug|Win32
		{D343BF64-9B60-4203-8F63-10766889FFAD}.NASM Debug|Win32.Build.0 = Debug|Win32
		{D343BF64-9B60-4203-8F63-10766889FFAD}.NASM Release|Win32.ActiveCfg = Release|Win32
		{D343BF64-9B60-4203-8F63-10766889FFAD}.NASM Release|Win32.Build.0 = Release|Win32
		{D343BF64-9B60-4203-8F63-10766889FFAD}.Release|Win32.ActiveCfg = Release|Win32
		{D343BF64-9B60-4203-8F63-10766889FFAD}.Release|Win32.Build.0 = Release|Win32
		{B1B5C626-7AFB-42F6-B3FE-32825D9152AD}.Debug|Win32.ActiveCfg = Debug|Win32
		{B1B5C626-7AFB-42F6-B3FE-32825D9152AD}.Debug|Win32.Build.0 = Debug|Win32
		{B1B5C626-7AFB-42F6-B3FE-32825D9152AD}.NASM Debug|Win32.ActiveCfg = Debug|Win32
		{B1B5C626-7AFB-42F6-B3FE-32825D9152AD}.NASM Debug|Win32.Build.0 = Debug|Win32
		{B1B5C626-7AFB-42F6-B3FE-32825D9152AD}.NASM Release|Win32.ActiveCfg = Release|Win32
		{B1B5C626-7AFB-42F6-B3FE-32825D9152AD}.NASM Release|Win32.Build.0 = Release|Win32
		{B1B5C626-7AFB-42F6-B3FE-32825D9152AD}.Release|Win32.ActiveCfg = Release|Win32
		{B1B5C626-7AFB-42F6-B3FE-32825D9152AD}.Release|Win32.Build.0 = Release|Win32
		{0396466A-2BCE-4768-BB14-DBD86454E0D8}.Debug|Win32.ActiveCfg = Debug|Win32
		{0396466A-2BCE-4768-BB14-DBD86454E0D8}.Debug|Win32.Build.0 = Debug|Win32
		{0396466A-2BCE-4768-BB14-DBD86454E0D8}.NASM Debug|Win32.ActiveCfg = Debug|Win32
		{0396466A-2BCE-4768-BB14-DBD86454E0D8}.NASM Debug|Win32.Build.0 = Debug|Win32
		{0396466A-2BCE-4768-BB14-DBD86454E0D8}.NASM Release|Win32.ActiveCfg = Release|Win32
		{0396466A-2BCE-4768-BB14-DBD86454E0D8}.NASM Release|Win32.Build.0 = Release|Win32
		{0396466A-2BCE-4768-BB14-DBD86454E0D8}.Release|Win32.ActiveCfg = Release|Win32
		{0396466A-2BCE-4768-BB14-DBD86454E0D8}.Release|Win32.Build.0 = Release|Win32
	EndGlobalSection
	GlobalSection(SolutionProperties) = preSolution
		HideSolutionNode = FALSE
	EndGlobalSection
EndGlobal
